# This file is automatically @generated by Cargo.
# It is not intended for manual editing.
version = 4

[[package]]
name = "ants-cli"
version = "0.1.0"
dependencies = [
 "ants-core",
]

[[package]]
name = "ants-core"
version = "0.1.0"

[[package]]
name = "ants-network"
version = "0.1.0"

[[package]]
name = "ants-observability"
version = "0.1.0"

[[package]]
name = "ants-orchestrator"
version = "0.1.0"

[[package]]
name = "ants-worker"
version = "0.1.0"
